{
  "name": "npm-data",
  "version": "2.0.0",
  "lockfileVersion": 1,
  "requires": true,
  "dependencies": {
    "centra": {
      "version": "2.2.2",
      "resolved": "https://registry.npmjs.org/centra/-/centra-2.2.2.tgz",
      "integrity": "sha512-7M9pOa0afioJy+h3+RvaK9BuxtJdo4/cRXoBPoClUcX1YLlaFMIxQlN/Sp4GoDEp2w17qeQ74NDuMdXPaNLToA=="
    },
    "whew": {
      "version": "1.1.2",
      "resolved": "https://registry.npmjs.org/whew/-/whew-1.1.2.tgz",
      "integrity": "sha512-x28DCH7PaZzI9TW7pvCmO1ApvJzO42jLfgGoWPrSmRZWE7JxDGp2frl2FjF9cF4bJJ7dS8T0puTMUaURAd88wg==",
      "dev": true
    }
  }
}
